
Microsoft Visual Studio Solution File, Format Version 12.00
# Visual Studio 15
VisualStudioVersion = 15.0.27130.2027
MinimumVisualStudioVersion = 10.0.40219.1
Project("{FAE04EC0-301F-11D3-BF4B-00C04F79EFBC}") = "BoilerDataTransmissionTest", "BoilerDataTransmissionTest\BoilerDataTransmissionTest.csproj", "{97005917-342B-4D37-814E-7711AAA89769}"
EndProject
Global
	GlobalSection(SolutionConfigurationPlatforms) = preSolution
		Debug|Any CPU = Debug|Any CPU
		Release|Any CPU = Release|Any CPU
	EndGlobalSection
	GlobalSection(ProjectConfigurationPlatforms) = postSolution
		{97005917-342B-4D37-814E-7711AAA89769}.Debug|Any CPU.ActiveCfg = Debug|Any CPU
		{97005917-342B-4D37-814E-7711AAA89769}.Debug|Any CPU.Build.0 = Debug|Any CPU
		{97005917-342B-4D37-814E-7711AAA89769}.Release|Any CPU.ActiveCfg = Release|Any CPU
		{97005917-342B-4D37-814E-7711AAA89769}.Release|Any CPU.Build.0 = Release|Any CPU
	EndGlobalSection
	GlobalSection(SolutionProperties) = preSolution
		HideSolutionNode = FALSE
	EndGlobalSection
	GlobalSection(ExtensibilityGlobals) = postSolution
		SolutionGuid = {191D0F21-10E1-4F14-84A9-D21E905B746C}
	EndGlobalSection
EndGlobal
